
Microsoft Visual Studio Solution File, Format Version 12.00
# Visual Studio Version 17
VisualStudioVersion = 17.11.35312.102
MinimumVisualStudioVersion = 10.0.40219.1
Project("{9A19103F-16F7-4668-BE54-9A1E7A4F7556}") = "Mud", "Mud\Mud.csproj", "{3A3FAAE9-070F-45A9-B640-2244FF8BC8A2}"
EndProject
Project("{9A19103F-16F7-4668-BE54-9A1E7A4F7556}") = "AngelHornetLibrary", "AngelHornetLibrary\AngelHornetLibrary.csproj", "{A06B2B45-5BC3-4687-9DD9-611B86DAEC89}"
EndProject
Project("{9A19103F-16F7-4668-BE54-9A1E7A4F7556}") = "Data", "Data\Data.csproj", "{5615A71B-000F-4408-8FCF-72C5D2C48E61}"
EndProject
Project("{9A19103F-16F7-4668-BE54-9A1E7A4F7556}") = "WeatherStation", "WeatherStation\WeatherStation.csproj", "{D33F8ED9-8CEF-48FE-B44A-2216393660FE}"
EndProject
Project("{FAE04EC0-301F-11D3-BF4B-00C04F79EFBC}") = "Logic", "Logic\Logic.csproj", "{8C8BD6A2-CE2F-446B-B3A0-3AAF01092CB8}"
EndProject
Global
	GlobalSection(SolutionConfigurationPlatforms) = preSolution
		Debug|Any CPU = Debug|Any CPU
		Release|Any CPU = Release|Any CPU
	EndGlobalSection
	GlobalSection(ProjectConfigurationPlatforms) = postSolution
		{3A3FAAE9-070F-45A9-B640-2244FF8BC8A2}.Debug|Any CPU.ActiveCfg = Debug|Any CPU
		{3A3FAAE9-070F-45A9-B640-2244FF8BC8A2}.Debug|Any CPU.Build.0 = Debug|Any CPU
		{3A3FAAE9-070F-45A9-B640-2244FF8BC8A2}.Debug|Any CPU.Deploy.0 = Debug|Any CPU
		{3A3FAAE9-070F-45A9-B640-2244FF8BC8A2}.Release|Any CPU.ActiveCfg = Release|Any CPU
		{3A3FAAE9-070F-45A9-B640-2244FF8BC8A2}.Release|Any CPU.Build.0 = Release|Any CPU
		{3A3FAAE9-070F-45A9-B640-2244FF8BC8A2}.Release|Any CPU.Deploy.0 = Release|Any CPU
		{A06B2B45-5BC3-4687-9DD9-611B86DAEC89}.Debug|Any CPU.ActiveCfg = Debug|Any CPU
		{A06B2B45-5BC3-4687-9DD9-611B86DAEC89}.Debug|Any CPU.Build.0 = Debug|Any CPU
		{A06B2B45-5BC3-4687-9DD9-611B86DAEC89}.Release|Any CPU.ActiveCfg = Release|Any CPU
		{A06B2B45-5BC3-4687-9DD9-611B86DAEC89}.Release|Any CPU.Build.0 = Release|Any CPU
		{5615A71B-000F-4408-8FCF-72C5D2C48E61}.Debug|Any CPU.ActiveCfg = Debug|Any CPU
		{5615A71B-000F-4408-8FCF-72C5D2C48E61}.Debug|Any CPU.Build.0 = Debug|Any CPU
		{5615A71B-000F-4408-8FCF-72C5D2C48E61}.Release|Any CPU.ActiveCfg = Release|Any CPU
		{5615A71B-000F-4408-8FCF-72C5D2C48E61}.Release|Any CPU.Build.0 = Release|Any CPU
		{D33F8ED9-8CEF-48FE-B44A-2216393660FE}.Debug|Any CPU.ActiveCfg = Debug|Any CPU
		{D33F8ED9-8CEF-48FE-B44A-2216393660FE}.Debug|Any CPU.Build.0 = Debug|Any CPU
		{D33F8ED9-8CEF-48FE-B44A-2216393660FE}.Release|Any CPU.ActiveCfg = Release|Any CPU
		{D33F8ED9-8CEF-48FE-B44A-2216393660FE}.Release|Any CPU.Build.0 = Release|Any CPU
		{8C8BD6A2-CE2F-446B-B3A0-3AAF01092CB8}.Debug|Any CPU.ActiveCfg = Debug|Any CPU
		{8C8BD6A2-CE2F-446B-B3A0-3AAF01092CB8}.Debug|Any CPU.Build.0 = Debug|Any CPU
		{8C8BD6A2-CE2F-446B-B3A0-3AAF01092CB8}.Release|Any CPU.ActiveCfg = Release|Any CPU
		{8C8BD6A2-CE2F-446B-B3A0-3AAF01092CB8}.Release|Any CPU.Build.0 = Release|Any CPU
	EndGlobalSection
	GlobalSection(SolutionProperties) = preSolution
		HideSolutionNode = FALSE
	EndGlobalSection
	GlobalSection(ExtensibilityGlobals) = postSolution
		SolutionGuid = {397CEE0E-102D-4ED6-852A-099BF6713AA9}
	EndGlobalSection
EndGlobal
